
Microsoft Visual Studio Solution File, Format Version 12.00
# Visual Studio 2017
Project("{FAE04EC0-301F-11D3-BF4B-00C04F79EFBC}") = "AdventureGame3D", "AdventureGame3D.csproj", "{049389F2-D0B6-81E3-7689-C33082FA6776}"
EndProject
Project("{FAE04EC0-301F-11D3-BF4B-00C04F79EFBC}") = "AdventureGame3D", "AdventureGame3D.csproj", "{049389F2-D0B6-81E3-7689-C33082FA6776}"
EndProject
Project("{FAE04EC0-301F-11D3-BF4B-00C04F79EFBC}") = "AdventureGame3D", "AdventureGame3D.csproj", "{049389F2-D0B6-81E3-7689-C33082FA6776}"
EndProject
Project("{FAE04EC0-301F-11D3-BF4B-00C04F79EFBC}") = "AdventureGame3D.Editor", "AdventureGame3D.Editor.csproj", "{C22CB3E8-35C9-0F8D-E204-954D4C009136}"
EndProject
Project("{FAE04EC0-301F-11D3-BF4B-00C04F79EFBC}") = "AdventureGame3D.Editor", "AdventureGame3D.Editor.csproj", "{C22CB3E8-35C9-0F8D-E204-954D4C009136}"
EndProject
Project("{FAE04EC0-301F-11D3-BF4B-00C04F79EFBC}") = "AdventureGame3D.Editor", "AdventureGame3D.Editor.csproj", "{C22CB3E8-35C9-0F8D-E204-954D4C009136}"
EndProject
Global
	GlobalSection(SolutionConfigurationPlatforms) = preSolution
		Debug|Any CPU = Debug|Any CPU
		Release|Any CPU = Release|Any CPU
	EndGlobalSection
	GlobalSection(ProjectConfigurationPlatforms) = postSolution
		{049389F2-D0B6-81E3-7689-C33082FA6776}.Debug|Any CPU.ActiveCfg = Debug|Any CPU
		{049389F2-D0B6-81E3-7689-C33082FA6776}.Debug|Any CPU.Build.0 = Debug|Any CPU
		{049389F2-D0B6-81E3-7689-C33082FA6776}.Release|Any CPU.ActiveCfg = Release|Any CPU
		{049389F2-D0B6-81E3-7689-C33082FA6776}.Release|Any CPU.Build.0 = Release|Any CPU
		{049389F2-D0B6-81E3-7689-C33082FA6776}.Debug|Any CPU.ActiveCfg = Debug|Any CPU
		{049389F2-D0B6-81E3-7689-C33082FA6776}.Debug|Any CPU.Build.0 = Debug|Any CPU
		{049389F2-D0B6-81E3-7689-C33082FA6776}.Release|Any CPU.ActiveCfg = Release|Any CPU
		{049389F2-D0B6-81E3-7689-C33082FA6776}.Release|Any CPU.Build.0 = Release|Any CPU
		{049389F2-D0B6-81E3-7689-C33082FA6776}.Debug|Any CPU.ActiveCfg = Debug|Any CPU
		{049389F2-D0B6-81E3-7689-C33082FA6776}.Debug|Any CPU.Build.0 = Debug|Any CPU
		{049389F2-D0B6-81E3-7689-C33082FA6776}.Release|Any CPU.ActiveCfg = Release|Any CPU
		{049389F2-D0B6-81E3-7689-C33082FA6776}.Release|Any CPU.Build.0 = Release|Any CPU
		{C22CB3E8-35C9-0F8D-E204-954D4C009136}.Debug|Any CPU.ActiveCfg = Debug|Any CPU
		{C22CB3E8-35C9-0F8D-E204-954D4C009136}.Debug|Any CPU.Build.0 = Debug|Any CPU
		{C22CB3E8-35C9-0F8D-E204-954D4C009136}.Release|Any CPU.ActiveCfg = Release|Any CPU
		{C22CB3E8-35C9-0F8D-E204-954D4C009136}.Release|Any CPU.Build.0 = Release|Any CPU
		{C22CB3E8-35C9-0F8D-E204-954D4C009136}.Debug|Any CPU.ActiveCfg = Debug|Any CPU
		{C22CB3E8-35C9-0F8D-E204-954D4C009136}.Debug|Any CPU.Build.0 = Debug|Any CPU
		{C22CB3E8-35C9-0F8D-E204-954D4C009136}.Release|Any CPU.ActiveCfg = Release|Any CPU
		{C22CB3E8-35C9-0F8D-E204-954D4C009136}.Release|Any CPU.Build.0 = Release|Any CPU
		{C22CB3E8-35C9-0F8D-E204-954D4C009136}.Debug|Any CPU.ActiveCfg = Debug|Any CPU
		{C22CB3E8-35C9-0F8D-E204-954D4C009136}.Debug|Any CPU.Build.0 = Debug|Any CPU
		{C22CB3E8-35C9-0F8D-E204-954D4C009136}.Release|Any CPU.ActiveCfg = Release|Any CPU
		{C22CB3E8-35C9-0F8D-E204-954D4C009136}.Release|Any CPU.Build.0 = Release|Any CPU
	EndGlobalSection
	GlobalSection(SolutionProperties) = preSolution
		HideSolutionNode = FALSE
	EndGlobalSection
EndGlobal
